
Microsoft Visual Studio Solution File, Format Version 12.00
# Visual Studio Version 16
VisualStudioVersion = 16.0.34601.136
MinimumVisualStudioVersion = 10.0.40219.1
Project("{C9674DCB-5085-4A16-B785-4C70DD1589BD}") = "ProyectoProfundizacion2", "ProyectoProfundizacion2\ProyectoProfundizacion2.dtproj", "{23A2951F-547F-444A-866F-30866B2FDC07}"
EndProject
Project("{C9674DCB-5085-4A16-B785-4C70DD1589BD}") = "DataMart_Northwnd", "..\DataMart_Northwnd\DataMart_Northwnd\DataMart_Northwnd.dtproj", "{C240B717-42E7-46B8-BB88-52AA6122B134}"
EndProject
Project("{C9674DCB-5085-4A16-B785-4C70DD1589BD}") = "Integration Services Project2", "..\Integration Services Project2\Integration Services Project2\Integration Services Project2.dtproj", "{6FF9123A-7700-4C36-B4C7-6D2082185F6E}"
EndProject
Project("{C9674DCB-5085-4A16-B785-4C70DD1589BD}") = "LOAD_ NORTHWND", "..\LOAD_ NORTHWND\LOAD_ NORTHWND\LOAD_ NORTHWND.dtproj", "{BC29E097-FF85-4ACC-948B-AA9B6CEBEF1C}"
EndProject
Global
	GlobalSection(SolutionConfigurationPlatforms) = preSolution
		Development|Default = Development|Default
	EndGlobalSection
	GlobalSection(ProjectConfigurationPlatforms) = postSolution
		{23A2951F-547F-444A-866F-30866B2FDC07}.Development|Default.ActiveCfg = Development
		{23A2951F-547F-444A-866F-30866B2FDC07}.Development|Default.Build.0 = Development
		{C240B717-42E7-46B8-BB88-52AA6122B134}.Development|Default.ActiveCfg = Development
		{C240B717-42E7-46B8-BB88-52AA6122B134}.Development|Default.Build.0 = Development
		{6FF9123A-7700-4C36-B4C7-6D2082185F6E}.Development|Default.ActiveCfg = Development
		{6FF9123A-7700-4C36-B4C7-6D2082185F6E}.Development|Default.Build.0 = Development
		{BC29E097-FF85-4ACC-948B-AA9B6CEBEF1C}.Development|Default.ActiveCfg = Development
		{BC29E097-FF85-4ACC-948B-AA9B6CEBEF1C}.Development|Default.Build.0 = Development
	EndGlobalSection
	GlobalSection(SolutionProperties) = preSolution
		HideSolutionNode = FALSE
	EndGlobalSection
	GlobalSection(ExtensibilityGlobals) = postSolution
		SolutionGuid = {A236E500-6D38-412B-9948-2624E244852A}
	EndGlobalSection
EndGlobal
